// !$*UTF8*$!
{
	archiveVersion = 1;
	classes = {
	};
	objectVersion = 55;
	objects = {

/* Begin PBXBuildFile section */
		052C7F81288FA788004AD1B9 /* HistoryPage.swift in Sources */ = {isa = PBXBuildFile; fileRef = 052C7F80288FA788004AD1B9 /* HistoryPage.swift */; };
		052C7F87288FB37F004AD1B9 /* DeepWorkSheet.swift in Sources */ = {isa = PBXBuildFile; fileRef = 052C7F86288FB37F004AD1B9 /* DeepWorkSheet.swift */; };
		052DD93C2890306B007A2F6A /* Task.xcdatamodeld in Sources */ = {isa = PBXBuildFile; fileRef = 052DD93A2890306B007A2F6A /* Task.xcdatamodeld */; };
		052DD94028903132007A2F6A /* TaskDataController.swift in Sources */ = {isa = PBXBuildFile; fileRef = 052DD93F28903132007A2F6A /* TaskDataController.swift */; };
		054B1C552891B38D00BCC73B /* DismissHelper.swift in Sources */ = {isa = PBXBuildFile; fileRef = 054B1C542891B38D00BCC73B /* DismissHelper.swift */; };
		054B1C582891D2A900BCC73B /* DateTimeExensions.swift in Sources */ = {isa = PBXBuildFile; fileRef = 054B1C572891D2A900BCC73B /* DateTimeExensions.swift */; };
		054B1C5B2891D71900BCC73B /* NavbarView.swift in Sources */ = {isa = PBXBuildFile; fileRef = 054B1C5A2891D71900BCC73B /* NavbarView.swift */; };
		054B1C5D2891D75500BCC73B /* TimePickerView.swift in Sources */ = {isa = PBXBuildFile; fileRef = 054B1C5C2891D75500BCC73B /* TimePickerView.swift */; };
		054B1C5F2891D77D00BCC73B /* DueDatePickerView.swift in Sources */ = {isa = PBXBuildFile; fileRef = 054B1C5E2891D77D00BCC73B /* DueDatePickerView.swift */; };
		05679FC92891F62500CBBD5E /* DeepWorkNavBar.swift in Sources */ = {isa = PBXBuildFile; fileRef = 05679FC82891F62500CBBD5E /* DeepWorkNavBar.swift */; };
		05679FCB2891F66300CBBD5E /* PomodoroTimer.swift in Sources */ = {isa = PBXBuildFile; fileRef = 05679FCA2891F66300CBBD5E /* PomodoroTimer.swift */; };
		05679FCD2891F68B00CBBD5E /* DueDateView.swift in Sources */ = {isa = PBXBuildFile; fileRef = 05679FCC2891F68B00CBBD5E /* DueDateView.swift */; };
		05679FCF2891F6B300CBBD5E /* DueTimeView.swift in Sources */ = {isa = PBXBuildFile; fileRef = 05679FCE2891F6B300CBBD5E /* DueTimeView.swift */; };
		05679FD12891F6DB00CBBD5E /* AttachmentButton.swift in Sources */ = {isa = PBXBuildFile; fileRef = 05679FD02891F6DB00CBBD5E /* AttachmentButton.swift */; };
		05679FD32891F6FA00CBBD5E /* CompleteButton.swift in Sources */ = {isa = PBXBuildFile; fileRef = 05679FD22891F6FA00CBBD5E /* CompleteButton.swift */; };
		05679FD52891F71900CBBD5E /* PauseButton.swift in Sources */ = {isa = PBXBuildFile; fileRef = 05679FD42891F71900CBBD5E /* PauseButton.swift */; };
		05679FD82891FC0600CBBD5E /* ListFooter.swift in Sources */ = {isa = PBXBuildFile; fileRef = 05679FD72891FC0600CBBD5E /* ListFooter.swift */; };
		05679FDA2891FC4000CBBD5E /* CurrentTaskCard.swift in Sources */ = {isa = PBXBuildFile; fileRef = 05679FD92891FC4000CBBD5E /* CurrentTaskCard.swift */; };
		05679FDC2891FC7D00CBBD5E /* FocusTaskNavbar.swift in Sources */ = {isa = PBXBuildFile; fileRef = 05679FDB2891FC7D00CBBD5E /* FocusTaskNavbar.swift */; };
		05679FDE2891FCA300CBBD5E /* PageTitleWithAva.swift in Sources */ = {isa = PBXBuildFile; fileRef = 05679FDD2891FCA300CBBD5E /* PageTitleWithAva.swift */; };
		05679FE02891FCBF00CBBD5E /* StartDeepWorkButton.swift in Sources */ = {isa = PBXBuildFile; fileRef = 05679FDF2891FCBF00CBBD5E /* StartDeepWorkButton.swift */; };
		05679FE22891FCEC00CBBD5E /* UpComingTaskView.swift in Sources */ = {isa = PBXBuildFile; fileRef = 05679FE12891FCEC00CBBD5E /* UpComingTaskView.swift */; };
		05795662288F32B5009D0218 /* CreateTaskSheetPage.swift in Sources */ = {isa = PBXBuildFile; fileRef = 05795661288F32B5009D0218 /* CreateTaskSheetPage.swift */; };
		059BD734288E94D600B4B7E4 /* Focus_Nano_2App.swift in Sources */ = {isa = PBXBuildFile; fileRef = 059BD733288E94D600B4B7E4 /* Focus_Nano_2App.swift */; };
		059BD736288E94D600B4B7E4 /* FocusTaskPage.swift in Sources */ = {isa = PBXBuildFile; fileRef = 059BD735288E94D600B4B7E4 /* FocusTaskPage.swift */; };
		059BD738288E94D900B4B7E4 /* Assets.xcassets in Resources */ = {isa = PBXBuildFile; fileRef = 059BD737288E94D900B4B7E4 /* Assets.xcassets */; };
		059BD73B288E94D900B4B7E4 /* Preview Assets.xcassets in Resources */ = {isa = PBXBuildFile; fileRef = 059BD73A288E94D900B4B7E4 /* Preview Assets.xcassets */; };
		059D0502289263CC0041BBBB /* TaskViewModel.swift in Sources */ = {isa = PBXBuildFile; fileRef = 059D0501289263CC0041BBBB /* TaskViewModel.swift */; };
		059D0504289272F70041BBBB /* DeepWorkViewModel.swift in Sources */ = {isa = PBXBuildFile; fileRef = 059D0503289272F70041BBBB /* DeepWorkViewModel.swift */; };
		05BAE4E22890342F00A271D6 /* FocusTaskViewModel.swift in Sources */ = {isa = PBXBuildFile; fileRef = 05BAE4E12890342F00A271D6 /* FocusTaskViewModel.swift */; };
		05BAE4E42890F8DE00A271D6 /* CreateTaskViewModel.swift in Sources */ = {isa = PBXBuildFile; fileRef = 05BAE4E32890F8DE00A271D6 /* CreateTaskViewModel.swift */; };
		05BAE4E72890FAE200A271D6 /* TaskModelExtensions.swift in Sources */ = {isa = PBXBuildFile; fileRef = 05BAE4E62890FAE200A271D6 /* TaskModelExtensions.swift */; };
		05BAE4EA2890FB2E00A271D6 /* BaseModel.swift in Sources */ = {isa = PBXBuildFile; fileRef = 05BAE4E92890FB2E00A271D6 /* BaseModel.swift */; };
		05C0CD19288E9E0300050675 /* JustView.swift in Sources */ = {isa = PBXBuildFile; fileRef = 05C0CD18288E9E0300050675 /* JustView.swift */; };
/* End PBXBuildFile section */

/* Begin PBXFileReference section */
		052C7F80288FA788004AD1B9 /* HistoryPage.swift */ = {isa = PBXFileReference; lastKnownFileType = sourcecode.swift; path = HistoryPage.swift; sourceTree = "<group>"; };
		052C7F86288FB37F004AD1B9 /* DeepWorkSheet.swift */ = {isa = PBXFileReference; lastKnownFileType = sourcecode.swift; path = DeepWorkSheet.swift; sourceTree = "<group>"; };
		052DD93B2890306B007A2F6A /* Task.xcdatamodel */ = {isa = PBXFileReference; lastKnownFileType = wrapper.xcdatamodel; path = Task.xcdatamodel; sourceTree = "<group>"; };
		052DD93F28903132007A2F6A /* TaskDataController.swift */ = {isa = PBXFileReference; lastKnownFileType = sourcecode.swift; path = TaskDataController.swift; sourceTree = "<group>"; };
		054B1C542891B38D00BCC73B /* DismissHelper.swift */ = {isa = PBXFileReference; lastKnownFileType = sourcecode.swift; path = DismissHelper.swift; sourceTree = "<group>"; };
		054B1C572891D2A900BCC73B /* DateTimeExensions.swift */ = {isa = PBXFileReference; lastKnownFileType = sourcecode.swift; path = DateTimeExensions.swift; sourceTree = "<group>"; };
		054B1C5A2891D71900BCC73B /* NavbarView.swift */ = {isa = PBXFileReference; lastKnownFileType = sourcecode.swift; path = NavbarView.swift; sourceTree = "<group>"; };
		054B1C5C2891D75500BCC73B /* TimePickerView.swift */ = {isa = PBXFileReference; lastKnownFileType = sourcecode.swift; path = TimePickerView.swift; sourceTree = "<group>"; };
		054B1C5E2891D77D00BCC73B /* DueDatePickerView.swift */ = {isa = PBXFileReference; lastKnownFileType = sourcecode.swift; path = DueDatePickerView.swift; sourceTree = "<group>"; };
		05679FC82891F62500CBBD5E /* DeepWorkNavBar.swift */ = {isa = PBXFileReference; lastKnownFileType = sourcecode.swift; path = DeepWorkNavBar.swift; sourceTree = "<group>"; };
		05679FCA2891F66300CBBD5E /* PomodoroTimer.swift */ = {isa = PBXFileReference; lastKnownFileType = sourcecode.swift; path = PomodoroTimer.swift; sourceTree = "<group>"; };
		05679FCC2891F68B00CBBD5E /* DueDateView.swift */ = {isa = PBXFileReference; lastKnownFileType = sourcecode.swift; path = DueDateView.swift; sourceTree = "<group>"; };
		05679FCE2891F6B300CBBD5E /* DueTimeView.swift */ = {isa = PBXFileReference; lastKnownFileType = sourcecode.swift; path = DueTimeView.swift; sourceTree = "<group>"; };
		05679FD02891F6DB00CBBD5E /* AttachmentButton.swift */ = {isa = PBXFileReference; lastKnownFileType = sourcecode.swift; path = AttachmentButton.swift; sourceTree = "<group>"; };
		05679FD22891F6FA00CBBD5E /* CompleteButton.swift */ = {isa = PBXFileReference; lastKnownFileType = sourcecode.swift; path = CompleteButton.swift; sourceTree = "<group>"; };
		05679FD42891F71900CBBD5E /* PauseButton.swift */ = {isa = PBXFileReference; lastKnownFileType = sourcecode.swift; path = PauseButton.swift; sourceTree = "<group>"; };
		05679FD72891FC0600CBBD5E /* ListFooter.swift */ = {isa = PBXFileReference; lastKnownFileType = sourcecode.swift; path = ListFooter.swift; sourceTree = "<group>"; };
		05679FD92891FC4000CBBD5E /* CurrentTaskCard.swift */ = {isa = PBXFileReference; lastKnownFileType = sourcecode.swift; path = CurrentTaskCard.swift; sourceTree = "<group>"; };
		05679FDB2891FC7D00CBBD5E /* FocusTaskNavbar.swift */ = {isa = PBXFileReference; lastKnownFileType = sourcecode.swift; path = FocusTaskNavbar.swift; sourceTree = "<group>"; };
		05679FDD2891FCA300CBBD5E /* PageTitleWithAva.swift */ = {isa = PBXFileReference; lastKnownFileType = sourcecode.swift; path = PageTitleWithAva.swift; sourceTree = "<group>"; };
		05679FDF2891FCBF00CBBD5E /* StartDeepWorkButton.swift */ = {isa = PBXFileReference; lastKnownFileType = sourcecode.swift; path = StartDeepWorkButton.swift; sourceTree = "<group>"; };
		05679FE12891FCEC00CBBD5E /* UpComingTaskView.swift */ = {isa = PBXFileReference; lastKnownFileType = sourcecode.swift; path = UpComingTaskView.swift; sourceTree = "<group>"; };
		05795661288F32B5009D0218 /* CreateTaskSheetPage.swift */ = {isa = PBXFileReference; lastKnownFileType = sourcecode.swift; path = CreateTaskSheetPage.swift; sourceTree = "<group>"; };
		059BD730288E94D600B4B7E4 /* Focus-Nano-2.app */ = {isa = PBXFileReference; explicitFileType = wrapper.application; includeInIndex = 0; path = "Focus-Nano-2.app"; sourceTree = BUILT_PRODUCTS_DIR; };
		059BD733288E94D600B4B7E4 /* Focus_Nano_2App.swift */ = {isa = PBXFileReference; lastKnownFileType = sourcecode.swift; path = Focus_Nano_2App.swift; sourceTree = "<group>"; };
		059BD735288E94D600B4B7E4 /* FocusTaskPage.swift */ = {isa = PBXFileReference; lastKnownFileType = sourcecode.swift; path = FocusTaskPage.swift; sourceTree = "<group>"; };
		059BD737288E94D900B4B7E4 /* Assets.xcassets */ = {isa = PBXFileReference; lastKnownFileType = folder.assetcatalog; path = Assets.xcassets; sourceTree = "<group>"; };
		059BD73A288E94D900B4B7E4 /* Preview Assets.xcassets */ = {isa = PBXFileReference; lastKnownFileType = folder.assetcatalog; path = "Preview Assets.xcassets"; sourceTree = "<group>"; };
		059D0501289263CC0041BBBB /* TaskViewModel.swift */ = {isa = PBXFileReference; lastKnownFileType = sourcecode.swift; path = TaskViewModel.swift; sourceTree = "<group>"; };
		059D0503289272F70041BBBB /* DeepWorkViewModel.swift */ = {isa = PBXFileReference; lastKnownFileType = sourcecode.swift; path = DeepWorkViewModel.swift; sourceTree = "<group>"; };
		05BAE4E12890342F00A271D6 /* FocusTaskViewModel.swift */ = {isa = PBXFileReference; lastKnownFileType = sourcecode.swift; path = FocusTaskViewModel.swift; sourceTree = "<group>"; };
		05BAE4E32890F8DE00A271D6 /* CreateTaskViewModel.swift */ = {isa = PBXFileReference; lastKnownFileType = sourcecode.swift; path = CreateTaskViewModel.swift; sourceTree = "<group>"; };
		05BAE4E62890FAE200A271D6 /* TaskModelExtensions.swift */ = {isa = PBXFileReference; lastKnownFileType = sourcecode.swift; path = TaskModelExtensions.swift; sourceTree = "<group>"; };
		05BAE4E92890FB2E00A271D6 /* BaseModel.swift */ = {isa = PBXFileReference; lastKnownFileType = sourcecode.swift; path = BaseModel.swift; sourceTree = "<group>"; };
		05C0CD18288E9E0300050675 /* JustView.swift */ = {isa = PBXFileReference; lastKnownFileType = sourcecode.swift; path = JustView.swift; sourceTree = "<group>"; };
/* End PBXFileReference section */

/* Begin PBXFrameworksBuildPhase section */
		059BD72D288E94D600B4B7E4 /* Frameworks */ = {
			isa = PBXFrameworksBuildPhase;
			buildActionMask = 2147483647;
			files = (
			);
			runOnlyForDeploymentPostprocessing = 0;
		};
/* End PBXFrameworksBuildPhase section */

/* Begin PBXGroup section */
		052C7F7D288FA75B004AD1B9 /* History */ = {
			isa = PBXGroup;
			children = (
				052C7F7F288FA76D004AD1B9 /* View */,
				052C7F7E288FA767004AD1B9 /* ViewModel */,
			);
			path = History;
			sourceTree = "<group>";
		};
		052C7F7E288FA767004AD1B9 /* ViewModel */ = {
			isa = PBXGroup;
			children = (
			);
			path = ViewModel;
			sourceTree = "<group>";
		};
		052C7F7F288FA76D004AD1B9 /* View */ = {
			isa = PBXGroup;
			children = (
				052C7F80288FA788004AD1B9 /* HistoryPage.swift */,
			);
			path = View;
			sourceTree = "<group>";
		};
		052C7F82288FB348004AD1B9 /* DeepWork */ = {
			isa = PBXGroup;
			children = (
				052C7F85288FB368004AD1B9 /* View */,
				052C7F83288FB353004AD1B9 /* ViewModel */,
			);
			path = DeepWork;
			sourceTree = "<group>";
		};
		052C7F83288FB353004AD1B9 /* ViewModel */ = {
			isa = PBXGroup;
			children = (
				059D0503289272F70041BBBB /* DeepWorkViewModel.swift */,
			);
			path = ViewModel;
			sourceTree = "<group>";
		};
		052C7F85288FB368004AD1B9 /* View */ = {
			isa = PBXGroup;
			children = (
				05679FC62891F5E700CBBD5E /* Components */,
				052C7F86288FB37F004AD1B9 /* DeepWorkSheet.swift */,
			);
			path = View;
			sourceTree = "<group>";
		};
		052DD93D289030EA007A2F6A /* DataModel */ = {
			isa = PBXGroup;
			children = (
				052DD93A2890306B007A2F6A /* Task.xcdatamodeld */,
			);
			path = DataModel;
			sourceTree = "<group>";
		};
		052DD93E2890311B007A2F6A /* DataManager */ = {
			isa = PBXGroup;
			children = (
				052DD93F28903132007A2F6A /* TaskDataController.swift */,
			);
			path = DataManager;
			sourceTree = "<group>";
		};
		054B1C562891D29100BCC73B /* DateTime */ = {
			isa = PBXGroup;
			children = (
				054B1C572891D2A900BCC73B /* DateTimeExensions.swift */,
			);
			path = DateTime;
			sourceTree = "<group>";
		};
		054B1C592891D70400BCC73B /* Components */ = {
			isa = PBXGroup;
			children = (
				054B1C5A2891D71900BCC73B /* NavbarView.swift */,
				054B1C5C2891D75500BCC73B /* TimePickerView.swift */,
				054B1C5E2891D77D00BCC73B /* DueDatePickerView.swift */,
			);
			path = Components;
			sourceTree = "<group>";
		};
		05679FC62891F5E700CBBD5E /* Components */ = {
			isa = PBXGroup;
			children = (
				05679FC82891F62500CBBD5E /* DeepWorkNavBar.swift */,
				05679FCA2891F66300CBBD5E /* PomodoroTimer.swift */,
				05679FCC2891F68B00CBBD5E /* DueDateView.swift */,
				05679FCE2891F6B300CBBD5E /* DueTimeView.swift */,
				05679FD02891F6DB00CBBD5E /* AttachmentButton.swift */,
				05679FD22891F6FA00CBBD5E /* CompleteButton.swift */,
				05679FD42891F71900CBBD5E /* PauseButton.swift */,
			);
			path = Components;
			sourceTree = "<group>";
		};
		05679FD62891FBF100CBBD5E /* Components */ = {
			isa = PBXGroup;
			children = (
				05679FD72891FC0600CBBD5E /* ListFooter.swift */,
				05679FD92891FC4000CBBD5E /* CurrentTaskCard.swift */,
				05679FDB2891FC7D00CBBD5E /* FocusTaskNavbar.swift */,
				05679FDD2891FCA300CBBD5E /* PageTitleWithAva.swift */,
				05679FDF2891FCBF00CBBD5E /* StartDeepWorkButton.swift */,
				05679FE12891FCEC00CBBD5E /* UpComingTaskView.swift */,
			);
			path = Components;
			sourceTree = "<group>";
		};
		0579565E288F3281009D0218 /* CreateTask */ = {
			isa = PBXGroup;
			children = (
				05795660288F329A009D0218 /* View */,
				0579565F288F328C009D0218 /* ViewModel */,
			);
			path = CreateTask;
			sourceTree = "<group>";
		};
		0579565F288F328C009D0218 /* ViewModel */ = {
			isa = PBXGroup;
			children = (
				05BAE4E32890F8DE00A271D6 /* CreateTaskViewModel.swift */,
			);
			path = ViewModel;
			sourceTree = "<group>";
		};
		05795660288F329A009D0218 /* View */ = {
			isa = PBXGroup;
			children = (
				054B1C592891D70400BCC73B /* Components */,
				05795661288F32B5009D0218 /* CreateTaskSheetPage.swift */,
			);
			path = View;
			sourceTree = "<group>";
		};
		059BD727288E94D600B4B7E4 = {
			isa = PBXGroup;
			children = (
				059BD732288E94D600B4B7E4 /* Focus-Nano-2 */,
				059BD731288E94D600B4B7E4 /* Products */,
			);
			sourceTree = "<group>";
		};
		059BD731288E94D600B4B7E4 /* Products */ = {
			isa = PBXGroup;
			children = (
				059BD730288E94D600B4B7E4 /* Focus-Nano-2.app */,
			);
			name = Products;
			sourceTree = "<group>";
		};
		059BD732288E94D600B4B7E4 /* Focus-Nano-2 */ = {
			isa = PBXGroup;
			children = (
				059BD744288E97ED00B4B7E4 /* Model */,
				059BD743288E968B00B4B7E4 /* Utilities */,
				059BD742288E961E00B4B7E4 /* Helper */,
				059BD741288E95FC00B4B7E4 /* Features */,
				059BD733288E94D600B4B7E4 /* Focus_Nano_2App.swift */,
				059BD737288E94D900B4B7E4 /* Assets.xcassets */,
				059BD739288E94D900B4B7E4 /* Preview Content */,
			);
			path = "Focus-Nano-2";
			sourceTree = "<group>";
		};
		059BD739288E94D900B4B7E4 /* Preview Content */ = {
			isa = PBXGroup;
			children = (
				059BD73A288E94D900B4B7E4 /* Preview Assets.xcassets */,
			);
			path = "Preview Content";
			sourceTree = "<group>";
		};
		059BD741288E95FC00B4B7E4 /* Features */ = {
			isa = PBXGroup;
			children = (
				052C7F82288FB348004AD1B9 /* DeepWork */,
				052C7F7D288FA75B004AD1B9 /* History */,
				0579565E288F3281009D0218 /* CreateTask */,
				059BD745288E98A300B4B7E4 /* FocusTask */,
			);
			path = Features;
			sourceTree = "<group>";
		};
		059BD742288E961E00B4B7E4 /* Helper */ = {
			isa = PBXGroup;
			children = (
				054B1C562891D29100BCC73B /* DateTime */,
				05BAE4E52890FAB500A271D6 /* Model */,
				05C0CD17288E9DE000050675 /* View */,
			);
			path = Helper;
			sourceTree = "<group>";
		};
		059BD743288E968B00B4B7E4 /* Utilities */ = {
			isa = PBXGroup;
			children = (
				052DD93E2890311B007A2F6A /* DataManager */,
			);
			path = Utilities;
			sourceTree = "<group>";
		};
		059BD744288E97ED00B4B7E4 /* Model */ = {
			isa = PBXGroup;
			children = (
				05BAE4E82890FB1300A271D6 /* BaseModel */,
				052DD93D289030EA007A2F6A /* DataModel */,
			);
			path = Model;
			sourceTree = "<group>";
		};
		059BD745288E98A300B4B7E4 /* FocusTask */ = {
			isa = PBXGroup;
			children = (
				059BD747288E98B300B4B7E4 /* ViewModel */,
				059BD746288E98AE00B4B7E4 /* View */,
			);
			path = FocusTask;
			sourceTree = "<group>";
		};
		059BD746288E98AE00B4B7E4 /* View */ = {
			isa = PBXGroup;
			children = (
				05679FD62891FBF100CBBD5E /* Components */,
				059BD735288E94D600B4B7E4 /* FocusTaskPage.swift */,
			);
			path = View;
			sourceTree = "<group>";
		};
		059BD747288E98B300B4B7E4 /* ViewModel */ = {
			isa = PBXGroup;
			children = (
				05BAE4E12890342F00A271D6 /* FocusTaskViewModel.swift */,
				059D0501289263CC0041BBBB /* TaskViewModel.swift */,
			);
			path = ViewModel;
			sourceTree = "<group>";
		};
		05BAE4E52890FAB500A271D6 /* Model */ = {
			isa = PBXGroup;
			children = (
				05BAE4E62890FAE200A271D6 /* TaskModelExtensions.swift */,
			);
			path = Model;
			sourceTree = "<group>";
		};
		05BAE4E82890FB1300A271D6 /* BaseModel */ = {
			isa = PBXGroup;
			children = (
				05BAE4E92890FB2E00A271D6 /* BaseModel.swift */,
			);
			path = BaseModel;
			sourceTree = "<group>";
		};
		05C0CD17288E9DE000050675 /* View */ = {
			isa = PBXGroup;
			children = (
				05C0CD18288E9E0300050675 /* JustView.swift */,
				054B1C542891B38D00BCC73B /* DismissHelper.swift */,
			);
			path = View;
			sourceTree = "<group>";
		};
/* End PBXGroup section */

/* Begin PBXNativeTarget section */
		059BD72F288E94D600B4B7E4 /* Focus-Nano-2 */ = {
			isa = PBXNativeTarget;
			buildConfigurationList = 059BD73E288E94D900B4B7E4 /* Build configuration list for PBXNativeTarget "Focus-Nano-2" */;
			buildPhases = (
				059BD72C288E94D600B4B7E4 /* Sources */,
				059BD72D288E94D600B4B7E4 /* Frameworks */,
				059BD72E288E94D600B4B7E4 /* Resources */,
			);
			buildRules = (
			);
			dependencies = (
			);
			name = "Focus-Nano-2";
			productName = "Focus-Nano-2";
			productReference = 059BD730288E94D600B4B7E4 /* Focus-Nano-2.app */;
			productType = "com.apple.product-type.application";
		};
/* End PBXNativeTarget section */

/* Begin PBXProject section */
		059BD728288E94D600B4B7E4 /* Project object */ = {
			isa = PBXProject;
			attributes = {
				BuildIndependentTargetsInParallel = 1;
				LastSwiftUpdateCheck = 1340;
				LastUpgradeCheck = 1340;
				TargetAttributes = {
					059BD72F288E94D600B4B7E4 = {
						CreatedOnToolsVersion = 13.4.1;
					};
				};
			};
			buildConfigurationList = 059BD72B288E94D600B4B7E4 /* Build configuration list for PBXProject "Focus-Nano-2" */;
			compatibilityVersion = "Xcode 13.0";
			developmentRegion = en;
			hasScannedForEncodings = 0;
			knownRegions = (
				en,
				Base,
			);
			mainGroup = 059BD727288E94D600B4B7E4;
			productRefGroup = 059BD731288E94D600B4B7E4 /* Products */;
			projectDirPath = "";
			projectRoot = "";
			targets = (
				059BD72F288E94D600B4B7E4 /* Focus-Nano-2 */,
			);
		};
/* End PBXProject section */

/* Begin PBXResourcesBuildPhase section */
		059BD72E288E94D600B4B7E4 /* Resources */ = {
			isa = PBXResourcesBuildPhase;
			buildActionMask = 2147483647;
			files = (
				059BD73B288E94D900B4B7E4 /* Preview Assets.xcassets in Resources */,
				059BD738288E94D900B4B7E4 /* Assets.xcassets in Resources */,
			);
			runOnlyForDeploymentPostprocessing = 0;
		};
/* End PBXResourcesBuildPhase section */

/* Begin PBXSourcesBuildPhase section */
		059BD72C288E94D600B4B7E4 /* Sources */ = {
			isa = PBXSourcesBuildPhase;
			buildActionMask = 2147483647;
			files = (
				05679FD32891F6FA00CBBD5E /* CompleteButton.swift in Sources */,
				054B1C5F2891D77D00BCC73B /* DueDatePickerView.swift in Sources */,
				05679FDA2891FC4000CBBD5E /* CurrentTaskCard.swift in Sources */,
				05679FE02891FCBF00CBBD5E /* StartDeepWorkButton.swift in Sources */,
				052DD93C2890306B007A2F6A /* Task.xcdatamodeld in Sources */,
				05BAE4E42890F8DE00A271D6 /* CreateTaskViewModel.swift in Sources */,
				054B1C5B2891D71900BCC73B /* NavbarView.swift in Sources */,
				059BD736288E94D600B4B7E4 /* FocusTaskPage.swift in Sources */,
				05679FD52891F71900CBBD5E /* PauseButton.swift in Sources */,
				05795662288F32B5009D0218 /* CreateTaskSheetPage.swift in Sources */,
				05679FD82891FC0600CBBD5E /* ListFooter.swift in Sources */,
				05679FCF2891F6B300CBBD5E /* DueTimeView.swift in Sources */,
				052C7F87288FB37F004AD1B9 /* DeepWorkSheet.swift in Sources */,
				05BAE4E22890342F00A271D6 /* FocusTaskViewModel.swift in Sources */,
				054B1C5D2891D75500BCC73B /* TimePickerView.swift in Sources */,
				05BAE4EA2890FB2E00A271D6 /* BaseModel.swift in Sources */,
				054B1C552891B38D00BCC73B /* DismissHelper.swift in Sources */,
				059D0502289263CC0041BBBB /* TaskViewModel.swift in Sources */,
				052DD94028903132007A2F6A /* TaskDataController.swift in Sources */,
				05679FC92891F62500CBBD5E /* DeepWorkNavBar.swift in Sources */,
				054B1C582891D2A900BCC73B /* DateTimeExensions.swift in Sources */,
				05BAE4E72890FAE200A271D6 /* TaskModelExtensions.swift in Sources */,
				05679FDE2891FCA300CBBD5E /* PageTitleWithAva.swift in Sources */,
				05679FCD2891F68B00CBBD5E /* DueDateView.swift in Sources */,
				05679FE22891FCEC00CBBD5E /* UpComingTaskView.swift in Sources */,
				052C7F81288FA788004AD1B9 /* HistoryPage.swift in Sources */,
				05679FCB2891F66300CBBD5E /* PomodoroTimer.swift in Sources */,
				05C0CD19288E9E0300050675 /* JustView.swift in Sources */,
				05679FD12891F6DB00CBBD5E /* AttachmentButton.swift in Sources */,
				05679FDC2891FC7D00CBBD5E /* FocusTaskNavbar.swift in Sources */,
				059BD734288E94D600B4B7E4 /* Focus_Nano_2App.swift in Sources */,
				059D0504289272F70041BBBB /* DeepWorkViewModel.swift in Sources */,
			);
			runOnlyForDeploymentPostprocessing = 0;
		};
/* End PBXSourcesBuildPhase section */

/* Begin XCBuildConfiguration section */
		059BD73C288E94D900B4B7E4 /* Debug */ = {
			isa = XCBuildConfiguration;
			buildSettings = {
				ALWAYS_SEARCH_USER_PATHS = NO;
				CLANG_ANALYZER_NONNULL = YES;
				CLANG_ANALYZER_NUMBER_OBJECT_CONVERSION = YES_AGGRESSIVE;
				CLANG_CXX_LANGUAGE_STANDARD = "gnu++17";
				CLANG_ENABLE_MODULES = YES;
				CLANG_ENABLE_OBJC_ARC = YES;
				CLANG_ENABLE_OBJC_WEAK = YES;
				CLANG_WARN_BLOCK_CAPTURE_AUTORELEASING = YES;
				CLANG_WARN_BOOL_CONVERSION = YES;
				CLANG_WARN_COMMA = YES;
				CLANG_WARN_CONSTANT_CONVERSION = YES;
				CLANG_WARN_DEPRECATED_OBJC_IMPLEMENTATIONS = YES;
				CLANG_WARN_DIRECT_OBJC_ISA_USAGE = YES_ERROR;
				CLANG_WARN_DOCUMENTATION_COMMENTS = YES;
				CLANG_WARN_EMPTY_BODY = YES;
				CLANG_WARN_ENUM_CONVERSION = YES;
				CLANG_WARN_INFINITE_RECURSION = YES;
				CLANG_WARN_INT_CONVERSION = YES;
				CLANG_WARN_NON_LITERAL_NULL_CONVERSION = YES;
				CLANG_WARN_OBJC_IMPLICIT_RETAIN_SELF = YES;
				CLANG_WARN_OBJC_LITERAL_CONVERSION = YES;
				CLANG_WARN_OBJC_ROOT_CLASS = YES_ERROR;
				CLANG_WARN_QUOTED_INCLUDE_IN_FRAMEWORK_HEADER = YES;
				CLANG_WARN_RANGE_LOOP_ANALYSIS = YES;
				CLANG_WARN_STRICT_PROTOTYPES = YES;
				CLANG_WARN_SUSPICIOUS_MOVE = YES;
				CLANG_WARN_UNGUARDED_AVAILABILITY = YES_AGGRESSIVE;
				CLANG_WARN_UNREACHABLE_CODE = YES;
				CLANG_WARN__DUPLICATE_METHOD_MATCH = YES;
				COPY_PHASE_STRIP = NO;
				DEBUG_INFORMATION_FORMAT = dwarf;
				ENABLE_STRICT_OBJC_MSGSEND = YES;
				ENABLE_TESTABILITY = YES;
				GCC_C_LANGUAGE_STANDARD = gnu11;
				GCC_DYNAMIC_NO_PIC = NO;
				GCC_NO_COMMON_BLOCKS = YES;
				GCC_OPTIMIZATION_LEVEL = 0;
				GCC_PREPROCESSOR_DEFINITIONS = (
					"DEBUG=1",
					"$(inherited)",
				);
				GCC_WARN_64_TO_32_BIT_CONVERSION = YES;
				GCC_WARN_ABOUT_RETURN_TYPE = YES_ERROR;
				GCC_WARN_UNDECLARED_SELECTOR = YES;
				GCC_WARN_UNINITIALIZED_AUTOS = YES_AGGRESSIVE;
				GCC_WARN_UNUSED_FUNCTION = YES;
				GCC_WARN_UNUSED_VARIABLE = YES;
				IPHONEOS_DEPLOYMENT_TARGET = 15.5;
				MTL_ENABLE_DEBUG_INFO = INCLUDE_SOURCE;
				MTL_FAST_MATH = YES;
				ONLY_ACTIVE_ARCH = YES;
				SDKROOT = iphoneos;
				SWIFT_ACTIVE_COMPILATION_CONDITIONS = DEBUG;
				SWIFT_OPTIMIZATION_LEVEL = "-Onone";
			};
			name = Debug;
		};
		059BD73D288E94D900B4B7E4 /* Release */ = {
			isa = XCBuildConfiguration;
			buildSettings = {
				ALWAYS_SEARCH_USER_PATHS = NO;
				CLANG_ANALYZER_NONNULL = YES;
				CLANG_ANALYZER_NUMBER_OBJECT_CONVERSION = YES_AGGRESSIVE;
				CLANG_CXX_LANGUAGE_STANDARD = "gnu++17";
				CLANG_ENABLE_MODULES = YES;
				CLANG_ENABLE_OBJC_ARC = YES;
				CLANG_ENABLE_OBJC_WEAK = YES;
				CLANG_WARN_BLOCK_CAPTURE_AUTORELEASING = YES;
				CLANG_WARN_BOOL_CONVERSION = YES;
				CLANG_WARN_COMMA = YES;
				CLANG_WARN_CONSTANT_CONVERSION = YES;
				CLANG_WARN_DEPRECATED_OBJC_IMPLEMENTATIONS = YES;
				CLANG_WARN_DIRECT_OBJC_ISA_USAGE = YES_ERROR;
				CLANG_WARN_DOCUMENTATION_COMMENTS = YES;
				CLANG_WARN_EMPTY_BODY = YES;
				CLANG_WARN_ENUM_CONVERSION = YES;
				CLANG_WARN_INFINITE_RECURSION = YES;
				CLANG_WARN_INT_CONVERSION = YES;
				CLANG_WARN_NON_LITERAL_NULL_CONVERSION = YES;
				CLANG_WARN_OBJC_IMPLICIT_RETAIN_SELF = YES;
				CLANG_WARN_OBJC_LITERAL_CONVERSION = YES;
				CLANG_WARN_OBJC_ROOT_CLASS = YES_ERROR;
				CLANG_WARN_QUOTED_INCLUDE_IN_FRAMEWORK_HEADER = YES;
				CLANG_WARN_RANGE_LOOP_ANALYSIS = YES;
				CLANG_WARN_STRICT_PROTOTYPES = YES;
				CLANG_WARN_SUSPICIOUS_MOVE = YES;
				CLANG_WARN_UNGUARDED_AVAILABILITY = YES_AGGRESSIVE;
				CLANG_WARN_UNREACHABLE_CODE = YES;
				CLANG_WARN__DUPLICATE_METHOD_MATCH = YES;
				COPY_PHASE_STRIP = NO;
				DEBUG_INFORMATION_FORMAT = "dwarf-with-dsym";
				ENABLE_NS_ASSERTIONS = NO;
				ENABLE_STRICT_OBJC_MSGSEND = YES;
				GCC_C_LANGUAGE_STANDARD = gnu11;
				GCC_NO_COMMON_BLOCKS = YES;
				GCC_WARN_64_TO_32_BIT_CONVERSION = YES;
				GCC_WARN_ABOUT_RETURN_TYPE = YES_ERROR;
				GCC_WARN_UNDECLARED_SELECTOR = YES;
				GCC_WARN_UNINITIALIZED_AUTOS = YES_AGGRESSIVE;
				GCC_WARN_UNUSED_FUNCTION = YES;
				GCC_WARN_UNUSED_VARIABLE = YES;
				IPHONEOS_DEPLOYMENT_TARGET = 15.5;
				MTL_ENABLE_DEBUG_INFO = NO;
				MTL_FAST_MATH = YES;
				SDKROOT = iphoneos;
				SWIFT_COMPILATION_MODE = wholemodule;
				SWIFT_OPTIMIZATION_LEVEL = "-O";
				VALIDATE_PRODUCT = YES;
			};
			name = Release;
		};
		059BD73F288E94D900B4B7E4 /* Debug */ = {
			isa = XCBuildConfiguration;
			buildSettings = {
				ASSETCATALOG_COMPILER_APPICON_NAME = AppIcon;
				ASSETCATALOG_COMPILER_GLOBAL_ACCENT_COLOR_NAME = AccentColor;
				CODE_SIGN_STYLE = Automatic;
				CURRENT_PROJECT_VERSION = 1;
				DEVELOPMENT_ASSET_PATHS = "\"Focus-Nano-2/Preview Content\"";
				DEVELOPMENT_TEAM = XLX6KD3AF8;
				ENABLE_PREVIEWS = YES;
				GENERATE_INFOPLIST_FILE = YES;
				INFOPLIST_KEY_UIApplicationSceneManifest_Generation = YES;
				INFOPLIST_KEY_UIApplicationSupportsIndirectInputEvents = YES;
				INFOPLIST_KEY_UILaunchScreen_Generation = YES;
				INFOPLIST_KEY_UISupportedInterfaceOrientations_iPad = "UIInterfaceOrientationPortrait UIInterfaceOrientationPortraitUpsideDown UIInterfaceOrientationLandscapeLeft UIInterfaceOrientationLandscapeRight";
				INFOPLIST_KEY_UISupportedInterfaceOrientations_iPhone = "UIInterfaceOrientationPortrait UIInterfaceOrientationLandscapeLeft UIInterfaceOrientationLandscapeRight";
				IPHONEOS_DEPLOYMENT_TARGET = 15.0;
				LD_RUNPATH_SEARCH_PATHS = (
					"$(inherited)",
					"@executable_path/Frameworks",
				);
				MARKETING_VERSION = 1.0;
				PRODUCT_BUNDLE_IDENTIFIER = "fauziarda.com.Focus-Nano-2";
				PRODUCT_NAME = "$(TARGET_NAME)";
				SWIFT_EMIT_LOC_STRINGS = YES;
				SWIFT_VERSION = 5.0;
				TARGETED_DEVICE_FAMILY = "1,2";
			};
			name = Debug;
		};
		059BD740288E94D900B4B7E4 /* Release */ = {
			isa = XCBuildConfiguration;
			buildSettings = {
				ASSETCATALOG_COMPILER_APPICON_NAME = AppIcon;
				ASSETCATALOG_COMPILER_GLOBAL_ACCENT_COLOR_NAME = AccentColor;
				CODE_SIGN_STYLE = Automatic;
				CURRENT_PROJECT_VERSION = 1;
				DEVELOPMENT_ASSET_PATHS = "\"Focus-Nano-2/Preview Content\"";
				DEVELOPMENT_TEAM = XLX6KD3AF8;
				ENABLE_PREVIEWS = YES;
				GENERATE_INFOPLIST_FILE = YES;
				INFOPLIST_KEY_UIApplicationSceneManifest_Generation = YES;
				INFOPLIST_KEY_UIApplicationSupportsIndirectInputEvents = YES;
				INFOPLIST_KEY_UILaunchScreen_Generation = YES;
				INFOPLIST_KEY_UISupportedInterfaceOrientations_iPad = "UIInterfaceOrientationPortrait UIInterfaceOrientationPortraitUpsideDown UIInterfaceOrientationLandscapeLeft UIInterfaceOrientationLandscapeRight";
				INFOPLIST_KEY_UISupportedInterfaceOrientations_iPhone = "UIInterfaceOrientationPortrait UIInterfaceOrientationLandscapeLeft UIInterfaceOrientationLandscapeRight";
				IPHONEOS_DEPLOYMENT_TARGET = 15.0;
				LD_RUNPATH_SEARCH_PATHS = (
					"$(inherited)",
					"@executable_path/Frameworks",
				);
				MARKETING_VERSION = 1.0;
				PRODUCT_BUNDLE_IDENTIFIER = "fauziarda.com.Focus-Nano-2";
				PRODUCT_NAME = "$(TARGET_NAME)";
				SWIFT_EMIT_LOC_STRINGS = YES;
				SWIFT_VERSION = 5.0;
				TARGETED_DEVICE_FAMILY = "1,2";
			};
			name = Release;
		};
/* End XCBuildConfiguration section */

/* Begin XCConfigurationList section */
		059BD72B288E94D600B4B7E4 /* Build configuration list for PBXProject "Focus-Nano-2" */ = {
			isa = XCConfigurationList;
			buildConfigurations = (
				059BD73C288E94D900B4B7E4 /* Debug */,
				059BD73D288E94D900B4B7E4 /* Release */,
			);
			defaultConfigurationIsVisible = 0;
			defaultConfigurationName = Release;
		};
		059BD73E288E94D900B4B7E4 /* Build configuration list for PBXNativeTarget "Focus-Nano-2" */ = {
			isa = XCConfigurationList;
			buildConfigurations = (
				059BD73F288E94D900B4B7E4 /* Debug */,
				059BD740288E94D900B4B7E4 /* Release */,
			);
			defaultConfigurationIsVisible = 0;
			defaultConfigurationName = Release;
		};
/* End XCConfigurationList section */

/* Begin XCVersionGroup section */
		052DD93A2890306B007A2F6A /* Task.xcdatamodeld */ = {
			isa = XCVersionGroup;
			children = (
				052DD93B2890306B007A2F6A /* Task.xcdatamodel */,
			);
			currentVersion = 052DD93B2890306B007A2F6A /* Task.xcdatamodel */;
			path = Task.xcdatamodeld;
			sourceTree = "<group>";
			versionGroupType = wrapper.xcdatamodel;
		};
/* End XCVersionGroup section */
	};
	rootObject = 059BD728288E94D600B4B7E4 /* Project object */;
}
